lockfileVersion: '9.0'

settings:
  autoInstallPeers: true
  excludeLinksFromLockfile: false

importers:

  .:
    dependencies:
      framer-motion:
        specifier: ^11.9.0
        version: 11.9.0

packages:

  framer-motion@11.9.0:
    resolution: {integrity: sha512-nCfGxvsQecVLjjYDu35G2F5ls+ArE3FBfhxV0RSiisMaUKqteq5DMBFNRKwMyVj+VqKTNhawt+BV480YCHKFlQ==}
    peerDependencies:
      '@emotion/is-prop-valid': '*'
      react: ^18.0.0
      react-dom: ^18.0.0
    peerDependenciesMeta:
      '@emotion/is-prop-valid':
        optional: true
      react:
        optional: true
      react-dom:
        optional: true

  tslib@2.7.0:
    resolution: {integrity: sha512-gLXCKdN1/j47AiHiOkJN69hJmcbGTHI0ImLmbYLHykhgeN0jVGola9yVjFgzCUklsZQMW55o+dW7IXv3RCXDzA==}

snapshots:

  framer-motion@11.9.0:
    dependencies:
      tslib: 2.7.0

  tslib@2.7.0: {}
