lockfileVersion: '9.0'

settings:
  autoInstallPeers: true
  excludeLinksFromLockfile: false

importers:

  .:
    dependencies:
      '@tanstack/react-table':
        specifier: ^8.20.5
        version: 8.20.5(react-dom@19.0.0(react@19.0.0))(react@19.0.0)

packages:

  '@tanstack/react-table@8.20.5':
    resolution: {integrity: sha512-WEHopKw3znbUZ61s9i0+i9g8drmDo6asTWbrQh8Us63DAk/M0FkmIqERew6P71HI75ksZ2Pxyuf4vvKh9rAkiA==}
    engines: {node: '>=12'}
    peerDependencies:
      react: '>=16.8'
      react-dom: '>=16.8'

  '@tanstack/table-core@8.20.5':
    resolution: {integrity: sha512-P9dF7XbibHph2PFRz8gfBKEXEY/HJPOhym8CHmjF8y3q5mWpKx9xtZapXQUWCgkqvsK0R46Azuz+VaxD4Xl+Tg==}
    engines: {node: '>=12'}

  react-dom@19.0.0:
    resolution: {integrity: sha512-4GV5sHFG0e/0AD4X+ySy6UJd3jVl1iNsNHdpad0qhABJ11twS3TTBnseqsKurKcsNqCEFeGL3uLpVChpIO3QfQ==}
    peerDependencies:
      react: ^19.0.0

  react@19.0.0:
    resolution: {integrity: sha512-V8AVnmPIICiWpGfm6GLzCR/W5FXLchHop40W4nXBmdlEceh16rCN8O8LNWm5bh5XUX91fh7KpA+W0TgMKmgTpQ==}
    engines: {node: '>=0.10.0'}

  scheduler@0.25.0:
    resolution: {integrity: sha512-xFVuu11jh+xcO7JOAGJNOXld8/TcEHK/4CituBUeUb5hqxJLj9YuemAEuvm9gQ/+pgXYfbQuqAkiYu+u7YEsNA==}

snapshots:

  '@tanstack/react-table@8.20.5(react-dom@19.0.0(react@19.0.0))(react@19.0.0)':
    dependencies:
      '@tanstack/table-core': 8.20.5
      react: 19.0.0
      react-dom: 19.0.0(react@19.0.0)

  '@tanstack/table-core@8.20.5': {}

  react-dom@19.0.0(react@19.0.0):
    dependencies:
      react: 19.0.0
      scheduler: 0.25.0

  react@19.0.0: {}

  scheduler@0.25.0: {}
